
Microsoft Visual Studio Solution File, Format Version 12.00
# Visual Studio Version 17
VisualStudioVersion = 17.7.34031.279
MinimumVisualStudioVersion = 10.0.40219.1
Project("{2150E333-8FDC-42A3-9474-1A3956D46DE8}") = "Services", "Services", "{14E06F22-F262-4BA7-B388-10DF802E3718}"
EndProject
Project("{2150E333-8FDC-42A3-9474-1A3956D46DE8}") = "Catalog", "Catalog", "{D75C9B9F-B87F-4EA3-BC30-5F9C646918C7}"
EndProject
Project("{FAE04EC0-301F-11D3-BF4B-00C04F79EFBC}") = "BlankStore.Catalog.API", "Services\Catalog\BlankStore.Catalog.API\BlankStore.Catalog.API.csproj", "{3408F965-D29A-4390-9020-AD58AA904B3E}"
EndProject
Global
	GlobalSection(SolutionConfigurationPlatforms) = preSolution
		Debug|Any CPU = Debug|Any CPU
		Release|Any CPU = Release|Any CPU
	EndGlobalSection
	GlobalSection(ProjectConfigurationPlatforms) = postSolution
		{3408F965-D29A-4390-9020-AD58AA904B3E}.Debug|Any CPU.ActiveCfg = Debug|Any CPU
		{3408F965-D29A-4390-9020-AD58AA904B3E}.Debug|Any CPU.Build.0 = Debug|Any CPU
		{3408F965-D29A-4390-9020-AD58AA904B3E}.Release|Any CPU.ActiveCfg = Release|Any CPU
		{3408F965-D29A-4390-9020-AD58AA904B3E}.Release|Any CPU.Build.0 = Release|Any CPU
	EndGlobalSection
	GlobalSection(SolutionProperties) = preSolution
		HideSolutionNode = FALSE
	EndGlobalSection
	GlobalSection(NestedProjects) = preSolution
		{D75C9B9F-B87F-4EA3-BC30-5F9C646918C7} = {14E06F22-F262-4BA7-B388-10DF802E3718}
		{3408F965-D29A-4390-9020-AD58AA904B3E} = {D75C9B9F-B87F-4EA3-BC30-5F9C646918C7}
	EndGlobalSection
	GlobalSection(ExtensibilityGlobals) = postSolution
		SolutionGuid = {38709DA2-5F9F-405E-A9AA-890363068CC9}
	EndGlobalSection
EndGlobal
